{
  "requires": true,
  "lockfileVersion": 1,
  "dependencies": {
    "gatsby-plugin-react-redux": {
      "version": "1.0.10",
      "resolved": "https://registry.npmjs.org/gatsby-plugin-react-redux/-/gatsby-plugin-react-redux-1.0.10.tgz",
      "integrity": "sha512-uXCzTdlp+SuRdBLfiT80ZBGtX7v1qKvV9vZpwrzTw4T7ZQTrHMvOwvzUJWZL3vdVt5qse1Gf8WexNNcZmBDqxA==",
      "requires": {
        "serialize-javascript": "^1.7.0"
      }
    },
    "serialize-javascript": {
      "version": "1.9.1",
      "resolved": "https://registry.npmjs.org/serialize-javascript/-/serialize-javascript-1.9.1.tgz",
      "integrity": "sha512-0Vb/54WJ6k5v8sSWN09S0ora+Hnr+cX40r9F170nT+mSkaxltoE/7R3OrIdBSUv1OoiobH1QoWQbCnAO+e8J1A=="
    }
  }
}
